PODS:
  - AFNetworking (2.1.0):
    - AFNetworking/NSURLConnection
    - AFNetworking/NSURLSession
    - AFNetworking/Reachability
    - AFNetworking/Security
    - AFNetworking/Serialization
    - AFNetworking/UIKit
  - AFNetworking/NSURLConnection (2.1.0):
    - AFNetworking/Reachability
    - AFNetworking/Security
    - AFNetworking/Serialization
  - AFNetworking/NSURLSession (2.1.0):
    - AFNetworking/NSURLConnection
  - AFNetworking/Reachability (2.1.0)
  - AFNetworking/Security (2.1.0)
  - AFNetworking/Serialization (2.1.0)
  - AFNetworking/UIKit (2.1.0):
    - AFNetworking/NSURLConnection
  - PebbleKit (2.0.0)
  - TouchXML (0.1)

DEPENDENCIES:
  - AFNetworking (~> 2.0)
  - PebbleKit (from `~/pebble-dev/PebbleSDK-2.0.0/PebbleKit-iOS`)
  - TouchXML (~> 0.1)

EXTERNAL SOURCES:
  PebbleKit:
    :path: ~/pebble-dev/PebbleSDK-2.0.0/PebbleKit-iOS

SPEC CHECKSUMS:
  AFNetworking: c7d7901a83f631414c7eda1737261f696101a5cd
  PebbleKit: 271d0192f82ab0409d83a68ba77006abba15341d
  TouchXML: 0fb977f0bdd2ce2e5d0790c80751769459708810

COCOAPODS: 0.29.0
